// !$*UTF8*$!
{
	archiveVersion = 1;
	classes = {
	};
	objectVersion = 48;
	objects = {

/* Begin PBXBuildFile section */
		A50DE3621F838D84004F04BF /* AppDelegate.swift in Sources */ = {isa = PBXBuildFile; fileRef = A50DE3611F838D84004F04BF /* AppDelegate.swift */; };
		A50DE3641F838D84004F04BF /* ViewController.swift in Sources */ = {isa = PBXBuildFile; fileRef = A50DE3631F838D84004F04BF /* ViewController.swift */; };
		A50DE3671F838D84004F04BF /* Main.storyboard in Resources */ = {isa = PBXBuildFile; fileRef = A50DE3651F838D84004F04BF /* Main.storyboard */; };
		A50DE3691F838D84004F04BF /* Assets.xcassets in Resources */ = {isa = PBXBuildFile; fileRef = A50DE3681F838D84004F04BF /* Assets.xcassets */; };
		A50DE36C1F838D84004F04BF /* LaunchScreen.storyboard in Resources */ = {isa = PBXBuildFile; fileRef = A50DE36A1F838D84004F04BF /* LaunchScreen.storyboard */; };
		A50DE3771F838D84004F04BF /* TestingTests.swift in Sources */ = {isa = PBXBuildFile; fileRef = A50DE3761F838D84004F04BF /* TestingTests.swift */; };
		A50DE3821F838D84004F04BF /* TestingUITests.swift in Sources */ = {isa = PBXBuildFile; fileRef = A50DE3811F838D84004F04BF /* TestingUITests.swift */; };
/* End PBXBuildFile section */

/* Begin PBXContainerItemProxy section */
		A50DE3731F838D84004F04BF /* PBXContainerItemProxy */ = {
			isa = PBXContainerItemProxy;
			containerPortal = A50DE3561F838D84004F04BF /* Project object */;
			proxyType = 1;
			remoteGlobalIDString = A50DE35D1F838D84004F04BF;
			remoteInfo = Testing;
		};
		A50DE37E1F838D84004F04BF /* PBXContainerItemProxy */ = {
			isa = PBXContainerItemProxy;
			containerPortal = A50DE3561F838D84004F04BF /* Project object */;
			proxyType = 1;
			remoteGlobalIDString = A50DE35D1F838D84004F04BF;
			remoteInfo = Testing;
		};
/* End PBXContainerItemProxy section */

/* Begin PBXFileReference section */
		A50DE35E1F838D84004F04BF /* Testing.app */ = {isa = PBXFileReference; explicitFileType = wrapper.application; includeInIndex = 0; path = Testing.app; sourceTree = BUILT_PRODUCTS_DIR; };
		A50DE3611F838D84004F04BF /* AppDelegate.swift */ = {isa = PBXFileReference; lastKnownFileType = sourcecode.swift; path = AppDelegate.swift; sourceTree = "<group>"; };
		A50DE3631F838D84004F04BF /* ViewController.swift */ = {isa = PBXFileReference; lastKnownFileType = sourcecode.swift; path = ViewController.swift; sourceTree = "<group>"; };
		A50DE3661F838D84004F04BF /* Base */ = {isa = PBXFileReference; lastKnownFileType = file.storyboard; name = Base; path = Base.lproj/Main.storyboard; sourceTree = "<group>"; };
		A50DE3681F838D84004F04BF /* Assets.xcassets */ = {isa = PBXFileReference; lastKnownFileType = folder.assetcatalog; path = Assets.xcassets; sourceTree = "<group>"; };
		A50DE36B1F838D84004F04BF /* Base */ = {isa = PBXFileReference; lastKnownFileType = file.storyboard; name = Base; path = Base.lproj/LaunchScreen.storyboard; sourceTree = "<group>"; };
		A50DE36D1F838D84004F04BF /* Info.plist */ = {isa = PBXFileReference; lastKnownFileType = text.plist.xml; path = Info.plist; sourceTree = "<group>"; };
		A50DE3721F838D84004F04BF /* TestingTests.xctest */ = {isa = PBXFileReference; explicitFileType = wrapper.cfbundle; includeInIndex = 0; path = TestingTests.xctest; sourceTree = BUILT_PRODUCTS_DIR; };
		A50DE3761F838D84004F04BF /* TestingTests.swift */ = {isa = PBXFileReference; lastKnownFileType = sourcecode.swift; path = TestingTests.swift; sourceTree = "<group>"; };
		A50DE3781F838D84004F04BF /* Info.plist */ = {isa = PBXFileReference; lastKnownFileType = text.plist.xml; path = Info.plist; sourceTree = "<group>"; };
		A50DE37D1F838D84004F04BF /* TestingUITests.xctest */ = {isa = PBXFileReference; explicitFileType = wrapper.cfbundle; includeInIndex = 0; path = TestingUITests.xctest; sourceTree = BUILT_PRODUCTS_DIR; };
		A50DE3811F838D84004F04BF /* TestingUITests.swift */ = {isa = PBXFileReference; lastKnownFileType = sourcecode.swift; path = TestingUITests.swift; sourceTree = "<group>"; };
		A50DE3831F838D84004F04BF /* Info.plist */ = {isa = PBXFileReference; lastKnownFileType = text.plist.xml; path = Info.plist; sourceTree = "<group>"; };
/* End PBXFileReference section */

/* Begin PBXFrameworksBuildPhase section */
		A50DE35B1F838D84004F04BF /* Frameworks */ = {
			isa = PBXFrameworksBuildPhase;
			buildActionMask = 2147483647;
			files = (
			);
			runOnlyForDeploymentPostprocessing = 0;
		};
		A50DE36F1F838D84004F04BF /* Frameworks */ = {
			isa = PBXFrameworksBuildPhase;
			buildActionMask = 2147483647;
			files = (
			);
			runOnlyForDeploymentPostprocessing = 0;
		};
		A50DE37A1F838D84004F04BF /* Frameworks */ = {
			isa = PBXFrameworksBuildPhase;
			buildActionMask = 2147483647;
			files = (
			);
			runOnlyForDeploymentPostprocessing = 0;
		};
/* End PBXFrameworksBuildPhase section */

/* Begin PBXGroup section */
		A50DE3551F838D84004F04BF = {
			isa = PBXGroup;
			children = (
				A50DE3601F838D84004F04BF /* Testing */,
				A50DE3751F838D84004F04BF /* TestingTests */,
				A50DE3801F838D84004F04BF /* TestingUITests */,
				A50DE35F1F838D84004F04BF /* Products */,
			);
			sourceTree = "<group>";
		};
		A50DE35F1F838D84004F04BF /* Products */ = {
			isa = PBXGroup;
			children = (
				A50DE35E1F838D84004F04BF /* Testing.app */,
				A50DE3721F838D84004F04BF /* TestingTests.xctest */,
				A50DE37D1F838D84004F04BF /* TestingUITests.xctest */,
			);
			name = Products;
			sourceTree = "<group>";
		};
		A50DE3601F838D84004F04BF /* Testing */ = {
			isa = PBXGroup;
			children = (
				A50DE3611F838D84004F04BF /* AppDelegate.swift */,
				A50DE3631F838D84004F04BF /* ViewController.swift */,
				A50DE3651F838D84004F04BF /* Main.storyboard */,
				A50DE3681F838D84004F04BF /* Assets.xcassets */,
				A50DE36A1F838D84004F04BF /* LaunchScreen.storyboard */,
				A50DE36D1F838D84004F04BF /* Info.plist */,
			);
			path = Testing;
			sourceTree = "<group>";
		};
		A50DE3751F838D84004F04BF /* TestingTests */ = {
			isa = PBXGroup;
			children = (
				A50DE3761F838D84004F04BF /* TestingTests.swift */,
				A50DE3781F838D84004F04BF /* Info.plist */,
			);
			path = TestingTests;
			sourceTree = "<group>";
		};
		A50DE3801F838D84004F04BF /* TestingUITests */ = {
			isa = PBXGroup;
			children = (
				A50DE3811F838D84004F04BF /* TestingUITests.swift */,
				A50DE3831F838D84004F04BF /* Info.plist */,
			);
			path = TestingUITests;
			sourceTree = "<group>";
		};
/* End PBXGroup section */

/* Begin PBXNativeTarget section */
		A50DE35D1F838D84004F04BF /* Testing */ = {
			isa = PBXNativeTarget;
			buildConfigurationList = A50DE3861F838D84004F04BF /* Build configuration list for PBXNativeTarget "Testing" */;
			buildPhases = (
				A50DE35A1F838D84004F04BF /* Sources */,
				A50DE35B1F838D84004F04BF /* Frameworks */,
				A50DE35C1F838D84004F04BF /* Resources */,
			);
			buildRules = (
			);
			dependencies = (
			);
			name = Testing;
			productName = Testing;
			productReference = A50DE35E1F838D84004F04BF /* Testing.app */;
			productType = "com.apple.product-type.application";
		};
		A50DE3711F838D84004F04BF /* TestingTests */ = {
			isa = PBXNativeTarget;
			buildConfigurationList = A50DE3891F838D84004F04BF /* Build configuration list for PBXNativeTarget "TestingTests" */;
			buildPhases = (
				A50DE36E1F838D84004F04BF /* Sources */,
				A50DE36F1F838D84004F04BF /* Frameworks */,
				A50DE3701F838D84004F04BF /* Resources */,
			);
			buildRules = (
			);
			dependencies = (
				A50DE3741F838D84004F04BF /* PBXTargetDependency */,
			);
			name = TestingTests;
			productName = TestingTests;
			productReference = A50DE3721F838D84004F04BF /* TestingTests.xctest */;
			productType = "com.apple.product-type.bundle.unit-test";
		};
		A50DE37C1F838D84004F04BF /* TestingUITests */ = {
			isa = PBXNativeTarget;
			buildConfigurationList = A50DE38C1F838D84004F04BF /* Build configuration list for PBXNativeTarget "TestingUITests" */;
			buildPhases = (
				A50DE3791F838D84004F04BF /* Sources */,
				A50DE37A1F838D84004F04BF /* Frameworks */,
				A50DE37B1F838D84004F04BF /* Resources */,
			);
			buildRules = (
			);
			dependencies = (
				A50DE37F1F838D84004F04BF /* PBXTargetDependency */,
			);
			name = TestingUITests;
			productName = TestingUITests;
			productReference = A50DE37D1F838D84004F04BF /* TestingUITests.xctest */;
			productType = "com.apple.product-type.bundle.ui-testing";
		};
/* End PBXNativeTarget section */

/* Begin PBXProject section */
		A50DE3561F838D84004F04BF /* Project object */ = {
			isa = PBXProject;
			attributes = {
				LastSwiftUpdateCheck = 0900;
				LastUpgradeCheck = 0900;
				ORGANIZATIONNAME = "Tracker Connect";
				TargetAttributes = {
					A50DE35D1F838D84004F04BF = {
						CreatedOnToolsVersion = 9.0;
						ProvisioningStyle = Automatic;
					};
					A50DE3711F838D84004F04BF = {
						CreatedOnToolsVersion = 9.0;
						ProvisioningStyle = Automatic;
						TestTargetID = A50DE35D1F838D84004F04BF;
					};
					A50DE37C1F838D84004F04BF = {
						CreatedOnToolsVersion = 9.0;
						ProvisioningStyle = Automatic;
						TestTargetID = A50DE35D1F838D84004F04BF;
					};
				};
			};
			buildConfigurationList = A50DE3591F838D84004F04BF /* Build configuration list for PBXProject "Testing" */;
			compatibilityVersion = "Xcode 8.0";
			developmentRegion = en;
			hasScannedForEncodings = 0;
			knownRegions = (
				en,
				Base,
			);
			mainGroup = A50DE3551F838D84004F04BF;
			productRefGroup = A50DE35F1F838D84004F04BF /* Products */;
			projectDirPath = "";
			projectRoot = "";
			targets = (
				A50DE35D1F838D84004F04BF /* Testing */,
				A50DE3711F838D84004F04BF /* TestingTests */,
				A50DE37C1F838D84004F04BF /* TestingUITests */,
			);
		};
/* End PBXProject section */

/* Begin PBXResourcesBuildPhase section */
		A50DE35C1F838D84004F04BF /* Resources */ = {
			isa = PBXResourcesBuildPhase;
			buildActionMask = 2147483647;
			files = (
				A50DE36C1F838D84004F04BF /* LaunchScreen.storyboard in Resources */,
				A50DE3691F838D84004F04BF /* Assets.xcassets in Resources */,
				A50DE3671F838D84004F04BF /* Main.storyboard in Resources */,
			);
			runOnlyForDeploymentPostprocessing = 0;
		};
		A50DE3701F838D84004F04BF /* Resources */ = {
			isa = PBXResourcesBuildPhase;
			buildActionMask = 2147483647;
			files = (
			);
			runOnlyForDeploymentPostprocessing = 0;
		};
		A50DE37B1F838D84004F04BF /* Resources */ = {
			isa = PBXResourcesBuildPhase;
			buildActionMask = 2147483647;
			files = (
			);
			runOnlyForDeploymentPostprocessing = 0;
		};
/* End PBXResourcesBuildPhase section */

/* Begin PBXSourcesBuildPhase section */
		A50DE35A1F838D84004F04BF /* Sources */ = {
			isa = PBXSourcesBuildPhase;
			buildActionMask = 2147483647;
			files = (
				A50DE3641F838D84004F04BF /* ViewController.swift in Sources */,
				A50DE3621F838D84004F04BF /* AppDelegate.swift in Sources */,
			);
			runOnlyForDeploymentPostprocessing = 0;
		};
		A50DE36E1F838D84004F04BF /* Sources */ = {
			isa = PBXSourcesBuildPhase;
			buildActionMask = 2147483647;
			files = (
				A50DE3771F838D84004F04BF /* TestingTests.swift in Sources */,
			);
			runOnlyForDeploymentPostprocessing = 0;
		};
		A50DE3791F838D84004F04BF /* Sources */ = {
			isa = PBXSourcesBuildPhase;
			buildActionMask = 2147483647;
			files = (
				A50DE3821F838D84004F04BF /* TestingUITests.swift in Sources */,
			);
			runOnlyForDeploymentPostprocessing = 0;
		};
/* End PBXSourcesBuildPhase section */

/* Begin PBXTargetDependency section */
		A50DE3741F838D84004F04BF /* PBXTargetDependency */ = {
			isa = PBXTargetDependency;
			target = A50DE35D1F838D84004F04BF /* Testing */;
			targetProxy = A50DE3731F838D84004F04BF /* PBXContainerItemProxy */;
		};
		A50DE37F1F838D84004F04BF /* PBXTargetDependency */ = {
			isa = PBXTargetDependency;
			target = A50DE35D1F838D84004F04BF /* Testing */;
			targetProxy = A50DE37E1F838D84004F04BF /* PBXContainerItemProxy */;
		};
/* End PBXTargetDependency section */

/* Begin PBXVariantGroup section */
		A50DE3651F838D84004F04BF /* Main.storyboard */ = {
			isa = PBXVariantGroup;
			children = (
				A50DE3661F838D84004F04BF /* Base */,
			);
			name = Main.storyboard;
			sourceTree = "<group>";
		};
		A50DE36A1F838D84004F04BF /* LaunchScreen.storyboard */ = {
			isa = PBXVariantGroup;
			children = (
				A50DE36B1F838D84004F04BF /* Base */,
			);
			name = LaunchScreen.storyboard;
			sourceTree = "<group>";
		};
/* End PBXVariantGroup section */

/* Begin XCBuildConfiguration section */
		A50DE3841F838D84004F04BF /* Debug */ = {
			isa = XCBuildConfiguration;
			buildSettings = {
				ALWAYS_SEARCH_USER_PATHS = NO;
				CLANG_ANALYZER_NONNULL = YES;
				CLANG_ANALYZER_NUMBER_OBJECT_CONVERSION = YES_AGGRESSIVE;
				CLANG_CXX_LANGUAGE_STANDARD = "gnu++14";
				CLANG_CXX_LIBRARY = "libc++";
				CLANG_ENABLE_MODULES = YES;
				CLANG_ENABLE_OBJC_ARC = YES;
				CLANG_WARN_BLOCK_CAPTURE_AUTORELEASING = YES;
				CLANG_WARN_BOOL_CONVERSION = YES;
				CLANG_WARN_COMMA = YES;
				CLANG_WARN_CONSTANT_CONVERSION = YES;
				CLANG_WARN_DIRECT_OBJC_ISA_USAGE = YES_ERROR;
				CLANG_WARN_DOCUMENTATION_COMMENTS = YES;
				CLANG_WARN_EMPTY_BODY = YES;
				CLANG_WARN_ENUM_CONVERSION = YES;
				CLANG_WARN_INFINITE_RECURSION = YES;
				CLANG_WARN_INT_CONVERSION = YES;
				CLANG_WARN_NON_LITERAL_NULL_CONVERSION = YES;
				CLANG_WARN_OBJC_LITERAL_CONVERSION = YES;
				CLANG_WARN_OBJC_ROOT_CLASS = YES_ERROR;
				CLANG_WARN_RANGE_LOOP_ANALYSIS = YES;
				CLANG_WARN_STRICT_PROTOTYPES = YES;
				CLANG_WARN_SUSPICIOUS_MOVE = YES;
				CLANG_WARN_UNGUARDED_AVAILABILITY = YES_AGGRESSIVE;
				CLANG_WARN_UNREACHABLE_CODE = YES;
				CLANG_WARN__DUPLICATE_METHOD_MATCH = YES;
				CODE_SIGN_IDENTITY = "iPhone Developer";
				COPY_PHASE_STRIP = NO;
				DEBUG_INFORMATION_FORMAT = dwarf;
				ENABLE_STRICT_OBJC_MSGSEND = YES;
				ENABLE_TESTABILITY = YES;
				GCC_C_LANGUAGE_STANDARD = gnu11;
				GCC_DYNAMIC_NO_PIC = NO;
				GCC_NO_COMMON_BLOCKS = YES;
				GCC_OPTIMIZATION_LEVEL = 0;
				GCC_PREPROCESSOR_DEFINITIONS = (
					"DEBUG=1",
					"$(inherited)",
				);
				GCC_WARN_64_TO_32_BIT_CONVERSION = YES;
				GCC_WARN_ABOUT_RETURN_TYPE = YES_ERROR;
				GCC_WARN_UNDECLARED_SELECTOR = YES;
				GCC_WARN_UNINITIALIZED_AUTOS = YES_AGGRESSIVE;
				GCC_WARN_UNUSED_FUNCTION = YES;
				GCC_WARN_UNUSED_VARIABLE = YES;
				IPHONEOS_DEPLOYMENT_TARGET = 11.0;
				MTL_ENABLE_DEBUG_INFO = YES;
				ONLY_ACTIVE_ARCH = YES;
				SDKROOT = iphoneos;
				SWIFT_ACTIVE_COMPILATION_CONDITIONS = DEBUG;
				SWIFT_OPTIMIZATION_LEVEL = "-Onone";
			};
			name = Debug;
		};
		A50DE3851F838D84004F04BF /* Release */ = {
			isa = XCBuildConfiguration;
			buildSettings = {
				ALWAYS_SEARCH_USER_PATHS = NO;
				CLANG_ANALYZER_NONNULL = YES;
				CLANG_ANALYZER_NUMBER_OBJECT_CONVERSION = YES_AGGRESSIVE;
				CLANG_CXX_LANGUAGE_STANDARD = "gnu++14";
				CLANG_CXX_LIBRARY = "libc++";
				CLANG_ENABLE_MODULES = YES;
				CLANG_ENABLE_OBJC_ARC = YES;
				CLANG_WARN_BLOCK_CAPTURE_AUTORELEASING = YES;
				CLANG_WARN_BOOL_CONVERSION = YES;
				CLANG_WARN_COMMA = YES;
				CLANG_WARN_CONSTANT_CONVERSION = YES;
				CLANG_WARN_DIRECT_OBJC_ISA_USAGE = YES_ERROR;
				CLANG_WARN_DOCUMENTATION_COMMENTS = YES;
				CLANG_WARN_EMPTY_BODY = YES;
				CLANG_WARN_ENUM_CONVERSION = YES;
				CLANG_WARN_INFINITE_RECURSION = YES;
				CLANG_WARN_INT_CONVERSION = YES;
				CLANG_WARN_NON_LITERAL_NULL_CONVERSION = YES;
				CLANG_WARN_OBJC_LITERAL_CONVERSION = YES;
				CLANG_WARN_OBJC_ROOT_CLASS = YES_ERROR;
				CLANG_WARN_RANGE_LOOP_ANALYSIS = YES;
				CLANG_WARN_STRICT_PROTOTYPES = YES;
				CLANG_WARN_SUSPICIOUS_MOVE = YES;
				CLANG_WARN_UNGUARDED_AVAILABILITY = YES_AGGRESSIVE;
				CLANG_WARN_UNREACHABLE_CODE = YES;
				CLANG_WARN__DUPLICATE_METHOD_MATCH = YES;
				CODE_SIGN_IDENTITY = "iPhone Developer";
				COPY_PHASE_STRIP = NO;
				DEBUG_INFORMATION_FORMAT = "dwarf-with-dsym";
				ENABLE_NS_ASSERTIONS = NO;
				ENABLE_STRICT_OBJC_MSGSEND = YES;
				GCC_C_LANGUAGE_STANDARD = gnu11;
				GCC_NO_COMMON_BLOCKS = YES;
				GCC_WARN_64_TO_32_BIT_CONVERSION = YES;
				GCC_WARN_ABOUT_RETURN_TYPE = YES_ERROR;
				GCC_WARN_UNDECLARED_SELECTOR = YES;
				GCC_WARN_UNINITIALIZED_AUTOS = YES_AGGRESSIVE;
				GCC_WARN_UNUSED_FUNCTION = YES;
				GCC_WARN_UNUSED_VARIABLE = YES;
				IPHONEOS_DEPLOYMENT_TARGET = 11.0;
				MTL_ENABLE_DEBUG_INFO = NO;
				SDKROOT = iphoneos;
				SWIFT_OPTIMIZATION_LEVEL = "-Owholemodule";
				VALIDATE_PRODUCT = YES;
			};
			name = Release;
		};
		A50DE3871F838D84004F04BF /* Debug */ = {
			isa = XCBuildConfiguration;
			buildSettings = {
				ASSETCATALOG_COMPILER_APPICON_NAME = AppIcon;
				CODE_SIGN_STYLE = Automatic;
				DEVELOPMENT_TEAM = 55RW4QJWQ6;
				INFOPLIST_FILE = Testing/Info.plist;
				LD_RUNPATH_SEARCH_PATHS = "$(inherited) @executable_path/Frameworks";
				PRODUCT_BUNDLE_IDENTIFIER = za.co.tracker.Testing;
				PRODUCT_NAME = "$(TARGET_NAME)";
				SWIFT_VERSION = 4.0;
				TARGETED_DEVICE_FAMILY = "1,2";
			};
			name = Debug;
		};
		A50DE3881F838D84004F04BF /* Release */ = {
			isa = XCBuildConfiguration;
			buildSettings = {
				ASSETCATALOG_COMPILER_APPICON_NAME = AppIcon;
				CODE_SIGN_STYLE = Automatic;
				DEVELOPMENT_TEAM = 55RW4QJWQ6;
				INFOPLIST_FILE = Testing/Info.plist;
				LD_RUNPATH_SEARCH_PATHS = "$(inherited) @executable_path/Frameworks";
				PRODUCT_BUNDLE_IDENTIFIER = za.co.tracker.Testing;
				PRODUCT_NAME = "$(TARGET_NAME)";
				SWIFT_VERSION = 4.0;
				TARGETED_DEVICE_FAMILY = "1,2";
			};
			name = Release;
		};
		A50DE38A1F838D84004F04BF /* Debug */ = {
			isa = XCBuildConfiguration;
			buildSettings = {
				ALWAYS_EMBED_SWIFT_STANDARD_LIBRARIES = YES;
				BUNDLE_LOADER = "$(TEST_HOST)";
				CODE_SIGN_STYLE = Automatic;
				DEVELOPMENT_TEAM = 55RW4QJWQ6;
				INFOPLIST_FILE = TestingTests/Info.plist;
				LD_RUNPATH_SEARCH_PATHS = "$(inherited) @executable_path/Frameworks @loader_path/Frameworks";
				PRODUCT_BUNDLE_IDENTIFIER = za.co.tracker.TestingTests;
				PRODUCT_NAME = "$(TARGET_NAME)";
				SWIFT_VERSION = 4.0;
				TARGETED_DEVICE_FAMILY = "1,2";
				TEST_HOST = "$(BUILT_PRODUCTS_DIR)/Testing.app/Testing";
			};
			name = Debug;
		};
		A50DE38B1F838D84004F04BF /* Release */ = {
			isa = XCBuildConfiguration;
			buildSettings = {
				ALWAYS_EMBED_SWIFT_STANDARD_LIBRARIES = YES;
				BUNDLE_LOADER = "$(TEST_HOST)";
				CODE_SIGN_STYLE = Automatic;
				DEVELOPMENT_TEAM = 55RW4QJWQ6;
				INFOPLIST_FILE = TestingTests/Info.plist;
				LD_RUNPATH_SEARCH_PATHS = "$(inherited) @executable_path/Frameworks @loader_path/Frameworks";
				PRODUCT_BUNDLE_IDENTIFIER = za.co.tracker.TestingTests;
				PRODUCT_NAME = "$(TARGET_NAME)";
				SWIFT_VERSION = 4.0;
				TARGETED_DEVICE_FAMILY = "1,2";
				TEST_HOST = "$(BUILT_PRODUCTS_DIR)/Testing.app/Testing";
			};
			name = Release;
		};
		A50DE38D1F838D84004F04BF /* Debug */ = {
			isa = XCBuildConfiguration;
			buildSettings = {
				ALWAYS_EMBED_SWIFT_STANDARD_LIBRARIES = YES;
				CODE_SIGN_STYLE = Automatic;
				DEVELOPMENT_TEAM = 55RW4QJWQ6;
				INFOPLIST_FILE = TestingUITests/Info.plist;
				LD_RUNPATH_SEARCH_PATHS = "$(inherited) @executable_path/Frameworks @loader_path/Frameworks";
				PRODUCT_BUNDLE_IDENTIFIER = za.co.tracker.TestingUITests;
				PRODUCT_NAME = "$(TARGET_NAME)";
				SWIFT_VERSION = 4.0;
				TARGETED_DEVICE_FAMILY = "1,2";
				TEST_TARGET_NAME = Testing;
			};
			name = Debug;
		};
		A50DE38E1F838D84004F04BF /* Release */ = {
			isa = XCBuildConfiguration;
			buildSettings = {
				ALWAYS_EMBED_SWIFT_STANDARD_LIBRARIES = YES;
				CODE_SIGN_STYLE = Automatic;
				DEVELOPMENT_TEAM = 55RW4QJWQ6;
				INFOPLIST_FILE = TestingUITests/Info.plist;
				LD_RUNPATH_SEARCH_PATHS = "$(inherited) @executable_path/Frameworks @loader_path/Frameworks";
				PRODUCT_BUNDLE_IDENTIFIER = za.co.tracker.TestingUITests;
				PRODUCT_NAME = "$(TARGET_NAME)";
				SWIFT_VERSION = 4.0;
				TARGETED_DEVICE_FAMILY = "1,2";
				TEST_TARGET_NAME = Testing;
			};
			name = Release;
		};
/* End XCBuildConfiguration section */

/* Begin XCConfigurationList section */
		A50DE3591F838D84004F04BF /* Build configuration list for PBXProject "Testing" */ = {
			isa = XCConfigurationList;
			buildConfigurations = (
				A50DE3841F838D84004F04BF /* Debug */,
				A50DE3851F838D84004F04BF /* Release */,
			);
			defaultConfigurationIsVisible = 0;
			defaultConfigurationName = Release;
		};
		A50DE3861F838D84004F04BF /* Build configuration list for PBXNativeTarget "Testing" */ = {
			isa = XCConfigurationList;
			buildConfigurations = (
				A50DE3871F838D84004F04BF /* Debug */,
				A50DE3881F838D84004F04BF /* Release */,
			);
			defaultConfigurationIsVisible = 0;
			defaultConfigurationName = Release;
		};
		A50DE3891F838D84004F04BF /* Build configuration list for PBXNativeTarget "TestingTests" */ = {
			isa = XCConfigurationList;
			buildConfigurations = (
				A50DE38A1F838D84004F04BF /* Debug */,
				A50DE38B1F838D84004F04BF /* Release */,
			);
			defaultConfigurationIsVisible = 0;
			defaultConfigurationName = Release;
		};
		A50DE38C1F838D84004F04BF /* Build configuration list for PBXNativeTarget "TestingUITests" */ = {
			isa = XCConfigurationList;
			buildConfigurations = (
				A50DE38D1F838D84004F04BF /* Debug */,
				A50DE38E1F838D84004F04BF /* Release */,
			);
			defaultConfigurationIsVisible = 0;
			defaultConfigurationName = Release;
		};
/* End XCConfigurationList section */
	};
	rootObject = A50DE3561F838D84004F04BF /* Project object */;
}
